// !$*UTF8*$!
{
	archiveVersion = 1;
	classes = {
	};
	objectVersion = 51;
	objects = {

/* Begin PBXBuildFile section */
		2A0F20622508C7F300B87255 /* AppDelegate.swift in Sources */ = {isa = PBXBuildFile; fileRef = 2A0F20612508C7F300B87255 /* AppDelegate.swift */; };
		2A0F20642508C7F300B87255 /* SceneDelegate.swift in Sources */ = {isa = PBXBuildFile; fileRef = 2A0F20632508C7F300B87255 /* SceneDelegate.swift */; };
		2A0F206B2508C7F300B87255 /* Assets.xcassets in Resources */ = {isa = PBXBuildFile; fileRef = 2A0F206A2508C7F300B87255 /* Assets.xcassets */; };
		2A0F206E2508C7F300B87255 /* LaunchScreen.storyboard in Resources */ = {isa = PBXBuildFile; fileRef = 2A0F206C2508C7F300B87255 /* LaunchScreen.storyboard */; };
		2A0F20792508C7F400B87255 /* SeriesTrackrTests.swift in Sources */ = {isa = PBXBuildFile; fileRef = 2A0F20782508C7F400B87255 /* SeriesTrackrTests.swift */; };
		2A0F20842508C7F400B87255 /* SeriesTrackrUITests.swift in Sources */ = {isa = PBXBuildFile; fileRef = 2A0F20832508C7F400B87255 /* SeriesTrackrUITests.swift */; };
		2A9ED70D250CACEF00B7149B /* ParseService.swift in Sources */ = {isa = PBXBuildFile; fileRef = 2A9ED70C250CACEF00B7149B /* ParseService.swift */; };
		2A9ED710250CAD6E00B7149B /* Constants.swift in Sources */ = {isa = PBXBuildFile; fileRef = 2A9ED70F250CAD6E00B7149B /* Constants.swift */; };
		2A9ED713250CAE5300B7149B /* HomeViewModel.swift in Sources */ = {isa = PBXBuildFile; fileRef = 2A9ED712250CAE5300B7149B /* HomeViewModel.swift */; };
		2A9ED716250CAE8600B7149B /* TVShow.swift in Sources */ = {isa = PBXBuildFile; fileRef = 2A9ED715250CAE8600B7149B /* TVShow.swift */; };
		2A9ED71C250CB79900B7149B /* UICollectionView+Extensions.swift in Sources */ = {isa = PBXBuildFile; fileRef = 2A9ED71B250CB79900B7149B /* UICollectionView+Extensions.swift */; };
		2A9ED71F250CB7CA00B7149B /* Reusable.swift in Sources */ = {isa = PBXBuildFile; fileRef = 2A9ED71E250CB7CA00B7149B /* Reusable.swift */; };
		2A9ED721250CB82100B7149B /* TrendingCollectionViewCell.swift in Sources */ = {isa = PBXBuildFile; fileRef = 2A9ED720250CB82100B7149B /* TrendingCollectionViewCell.swift */; };
		2A9ED725250CD4A200B7149B /* TrendingShow.swift in Sources */ = {isa = PBXBuildFile; fileRef = 2A9ED724250CD4A200B7149B /* TrendingShow.swift */; };
		2A9ED728250CF86100B7149B /* STButton.swift in Sources */ = {isa = PBXBuildFile; fileRef = 2A9ED727250CF86100B7149B /* STButton.swift */; };
		2A9ED72A250CFA7500B7149B /* Router.swift in Sources */ = {isa = PBXBuildFile; fileRef = 2A9ED729250CFA7500B7149B /* Router.swift */; };
		2A9ED72D250CFAC900B7149B /* HomeRouter.swift in Sources */ = {isa = PBXBuildFile; fileRef = 2A9ED72C250CFAC900B7149B /* HomeRouter.swift */; };
		2A9ED732250D059D00B7149B /* AddTVShowViewController.swift in Sources */ = {isa = PBXBuildFile; fileRef = 2A9ED731250D059D00B7149B /* AddTVShowViewController.swift */; };
		2A9ED735250D0F8B00B7149B /* AddShowCollectionViewCell.swift in Sources */ = {isa = PBXBuildFile; fileRef = 2A9ED734250D0F8B00B7149B /* AddShowCollectionViewCell.swift */; };
		2A9ED737250D286600B7149B /* STTextField.swift in Sources */ = {isa = PBXBuildFile; fileRef = 2A9ED736250D286600B7149B /* STTextField.swift */; };
		2AB1C1932511046A005AC9B7 /* DataSource.swift in Sources */ = {isa = PBXBuildFile; fileRef = 2AB1C1922511046A005AC9B7 /* DataSource.swift */; };
		2AB1C195251104CC005AC9B7 /* TVShowListTableViewDelegate.swift in Sources */ = {isa = PBXBuildFile; fileRef = 2AB1C194251104CC005AC9B7 /* TVShowListTableViewDelegate.swift */; };
		2AB1C19725110C89005AC9B7 /* TVShowListViewModelDelegate.swift in Sources */ = {isa = PBXBuildFile; fileRef = 2AB1C19625110C89005AC9B7 /* TVShowListViewModelDelegate.swift */; };
		2AB1C19C251126AA005AC9B7 /* HomeCollecionView.swift in Sources */ = {isa = PBXBuildFile; fileRef = 2AB1C19B251126AA005AC9B7 /* HomeCollecionView.swift */; };
		2AC527E8250D5FD20068EE0C /* AddTVShowViewModel.swift in Sources */ = {isa = PBXBuildFile; fileRef = 2AC527E7250D5FD20068EE0C /* AddTVShowViewModel.swift */; };
		2AC527EA250D60260068EE0C /* InputType.swift in Sources */ = {isa = PBXBuildFile; fileRef = 2AC527E9250D60260068EE0C /* InputType.swift */; };
		2AC527EC250D61260068EE0C /* AddShowCellVM.swift in Sources */ = {isa = PBXBuildFile; fileRef = 2AC527EB250D61260068EE0C /* AddShowCellVM.swift */; };
		2AC527EE250D63AE0068EE0C /* UIViewController+Extensions.swift in Sources */ = {isa = PBXBuildFile; fileRef = 2AC527ED250D63AE0068EE0C /* UIViewController+Extensions.swift */; };
		2AC527F0250D67DA0068EE0C /* AlertDisplayable.swift in Sources */ = {isa = PBXBuildFile; fileRef = 2AC527EF250D67DA0068EE0C /* AlertDisplayable.swift */; };
		2AC527F2250D686D0068EE0C /* String+Extensions.swift in Sources */ = {isa = PBXBuildFile; fileRef = 2AC527F1250D686D0068EE0C /* String+Extensions.swift */; };
		2AC527F4250D6F020068EE0C /* AddTVShowCollectionView.swift in Sources */ = {isa = PBXBuildFile; fileRef = 2AC527F3250D6F020068EE0C /* AddTVShowCollectionView.swift */; };
		2AC527F6250E05770068EE0C /* AddTVShowViewModelDelegate.swift in Sources */ = {isa = PBXBuildFile; fileRef = 2AC527F5250E05770068EE0C /* AddTVShowViewModelDelegate.swift */; };
		2AC527F8250E05940068EE0C /* AddTVShowCollectionViewVM.swift in Sources */ = {isa = PBXBuildFile; fileRef = 2AC527F7250E05940068EE0C /* AddTVShowCollectionViewVM.swift */; };
		2AC527FB250E11730068EE0C /* TVShowListViewController.swift in Sources */ = {isa = PBXBuildFile; fileRef = 2AC527FA250E11730068EE0C /* TVShowListViewController.swift */; };
		2AC527FE250E5AB70068EE0C /* TVShowListTableViewCell.swift in Sources */ = {isa = PBXBuildFile; fileRef = 2AC527FD250E5AB70068EE0C /* TVShowListTableViewCell.swift */; };
		2AC52800250E5AE50068EE0C /* UITableView+Extensions.swift in Sources */ = {isa = PBXBuildFile; fileRef = 2AC527FF250E5AE50068EE0C /* UITableView+Extensions.swift */; };
		2AC52802250E767A0068EE0C /* Array+Extensions.swift in Sources */ = {isa = PBXBuildFile; fileRef = 2AC52801250E767A0068EE0C /* Array+Extensions.swift */; };
		2AC52804250E76A40068EE0C /* DataFilterService.swift in Sources */ = {isa = PBXBuildFile; fileRef = 2AC52803250E76A40068EE0C /* DataFilterService.swift */; };
		2AC52807250E7F530068EE0C /* TVShowListModel.swift in Sources */ = {isa = PBXBuildFile; fileRef = 2AC52806250E7F530068EE0C /* TVShowListModel.swift */; };
		2AC5280A250E7F850068EE0C /* TVShowListVM.swift in Sources */ = {isa = PBXBuildFile; fileRef = 2AC52809250E7F850068EE0C /* TVShowListVM.swift */; };
		2AC5280C250E82960068EE0C /* TVShowListTableViewController.swift in Sources */ = {isa = PBXBuildFile; fileRef = 2AC5280B250E82960068EE0C /* TVShowListTableViewController.swift */; };
		2AC5280E250E82CD0068EE0C /* TVShowListTableViewVM.swift in Sources */ = {isa = PBXBuildFile; fileRef = 2AC5280D250E82CD0068EE0C /* TVShowListTableViewVM.swift */; };
		2AC52810250F70840068EE0C /* YearPickerView.swift in Sources */ = {isa = PBXBuildFile; fileRef = 2AC5280F250F70840068EE0C /* YearPickerView.swift */; };
		2AC52846250FE91A0068EE0C /* NetworkError.swift in Sources */ = {isa = PBXBuildFile; fileRef = 2AC52845250FE91A0068EE0C /* NetworkError.swift */; };
		2AC52848250FF9230068EE0C /* TVShowWatchStatus.swift in Sources */ = {isa = PBXBuildFile; fileRef = 2AC52847250FF9230068EE0C /* TVShowWatchStatus.swift */; };
		2AF7FECC2508C96D004759C2 /* HomeViewController.swift in Sources */ = {isa = PBXBuildFile; fileRef = 2AF7FECB2508C96D004759C2 /* HomeViewController.swift */; };
		35EC3E8B6CE8154776EE093E /* Pods_SeriesTrackr_SeriesTrackrUITests.framework in Frameworks */ = {isa = PBXBuildFile; fileRef = F7AB8278FE9B3FF400BB22B3 /* Pods_SeriesTrackr_SeriesTrackrUITests.framework */; };
		BADAB9A7697E33CFAB405642 /* Pods_SeriesTrackr.framework in Frameworks */ = {isa = PBXBuildFile; fileRef = A7F9E815FE7707ACF14E9E58 /* Pods_SeriesTrackr.framework */; };
		EA0EE4F706D9082A1CE96F36 /* Pods_SeriesTrackrTests.framework in Frameworks */ = {isa = PBXBuildFile; fileRef = C49B2F41947FA3D3065F19AB /* Pods_SeriesTrackrTests.framework */; };
/* End PBXBuildFile section */

/* Begin PBXContainerItemProxy section */
		2A0F20752508C7F400B87255 /* PBXContainerItemProxy */ = {
			isa = PBXContainerItemProxy;
			containerPortal = 2A0F20562508C7F300B87255 /* Project object */;
			proxyType = 1;
			remoteGlobalIDString = 2A0F205D2508C7F300B87255;
			remoteInfo = SeriesTrackr;
		};
		2A0F20802508C7F400B87255 /* PBXContainerItemProxy */ = {
			isa = PBXContainerItemProxy;
			containerPortal = 2A0F20562508C7F300B87255 /* Project object */;
			proxyType = 1;
			remoteGlobalIDString = 2A0F205D2508C7F300B87255;
			remoteInfo = SeriesTrackr;
		};
/* End PBXContainerItemProxy section */

/* Begin PBXFileReference section */
		2A0F205E2508C7F300B87255 /* SeriesTrackr.app */ = {isa = PBXFileReference; explicitFileType = wrapper.application; includeInIndex = 0; path = SeriesTrackr.app; sourceTree = BUILT_PRODUCTS_DIR; };
		2A0F20612508C7F300B87255 /* AppDelegate.swift */ = {isa = PBXFileReference; lastKnownFileType = sourcecode.swift; path = AppDelegate.swift; sourceTree = "<group>"; };
		2A0F20632508C7F300B87255 /* SceneDelegate.swift */ = {isa = PBXFileReference; lastKnownFileType = sourcecode.swift; path = SceneDelegate.swift; sourceTree = "<group>"; };
		2A0F206A2508C7F300B87255 /* Assets.xcassets */ = {isa = PBXFileReference; lastKnownFileType = folder.assetcatalog; path = Assets.xcassets; sourceTree = "<group>"; };
		2A0F206D2508C7F300B87255 /* Base */ = {isa = PBXFileReference; lastKnownFileType = file.storyboard; name = Base; path = Base.lproj/LaunchScreen.storyboard; sourceTree = "<group>"; };
		2A0F206F2508C7F300B87255 /* Info.plist */ = {isa = PBXFileReference; lastKnownFileType = text.plist.xml; path = Info.plist; sourceTree = "<group>"; };
		2A0F20742508C7F400B87255 /* SeriesTrackrTests.xctest */ = {isa = PBXFileReference; explicitFileType = wrapper.cfbundle; includeInIndex = 0; path = SeriesTrackrTests.xctest; sourceTree = BUILT_PRODUCTS_DIR; };
		2A0F20782508C7F400B87255 /* SeriesTrackrTests.swift */ = {isa = PBXFileReference; lastKnownFileType = sourcecode.swift; path = SeriesTrackrTests.swift; sourceTree = "<group>"; };
		2A0F207A2508C7F400B87255 /* Info.plist */ = {isa = PBXFileReference; lastKnownFileType = text.plist.xml; path = Info.plist; sourceTree = "<group>"; };
		2A0F207F2508C7F400B87255 /* SeriesTrackrUITests.xctest */ = {isa = PBXFileReference; explicitFileType = wrapper.cfbundle; includeInIndex = 0; path = SeriesTrackrUITests.xctest; sourceTree = BUILT_PRODUCTS_DIR; };
		2A0F20832508C7F400B87255 /* SeriesTrackrUITests.swift */ = {isa = PBXFileReference; lastKnownFileType = sourcecode.swift; path = SeriesTrackrUITests.swift; sourceTree = "<group>"; };
		2A0F20852508C7F400B87255 /* Info.plist */ = {isa = PBXFileReference; lastKnownFileType = text.plist.xml; path = Info.plist; sourceTree = "<group>"; };
		2A9ED70C250CACEF00B7149B /* ParseService.swift */ = {isa = PBXFileReference; lastKnownFileType = sourcecode.swift; path = ParseService.swift; sourceTree = "<group>"; };
		2A9ED70F250CAD6E00B7149B /* Constants.swift */ = {isa = PBXFileReference; lastKnownFileType = sourcecode.swift; path = Constants.swift; sourceTree = "<group>"; };
		2A9ED712250CAE5300B7149B /* HomeViewModel.swift */ = {isa = PBXFileReference; lastKnownFileType = sourcecode.swift; path = HomeViewModel.swift; sourceTree = "<group>"; };
		2A9ED715250CAE8600B7149B /* TVShow.swift */ = {isa = PBXFileReference; lastKnownFileType = sourcecode.swift; path = TVShow.swift; sourceTree = "<group>"; };
		2A9ED71B250CB79900B7149B /* UICollectionView+Extensions.swift */ = {isa = PBXFileReference; lastKnownFileType = sourcecode.swift; path = "UICollectionView+Extensions.swift"; sourceTree = "<group>"; };
		2A9ED71E250CB7CA00B7149B /* Reusable.swift */ = {isa = PBXFileReference; lastKnownFileType = sourcecode.swift; path = Reusable.swift; sourceTree = "<group>"; };
		2A9ED720250CB82100B7149B /* TrendingCollectionViewCell.swift */ = {isa = PBXFileReference; lastKnownFileType = sourcecode.swift; path = TrendingCollectionViewCell.swift; sourceTree = "<group>"; };
		2A9ED724250CD4A200B7149B /* TrendingShow.swift */ = {isa = PBXFileReference; lastKnownFileType = sourcecode.swift; path = TrendingShow.swift; sourceTree = "<group>"; };
		2A9ED727250CF86100B7149B /* STButton.swift */ = {isa = PBXFileReference; lastKnownFileType = sourcecode.swift; path = STButton.swift; sourceTree = "<group>"; };
		2A9ED729250CFA7500B7149B /* Router.swift */ = {isa = PBXFileReference; lastKnownFileType = sourcecode.swift; path = Router.swift; sourceTree = "<group>"; };
		2A9ED72C250CFAC900B7149B /* HomeRouter.swift */ = {isa = PBXFileReference; lastKnownFileType = sourcecode.swift; path = HomeRouter.swift; sourceTree = "<group>"; };
		2A9ED731250D059D00B7149B /* AddTVShowViewController.swift */ = {isa = PBXFileReference; lastKnownFileType = sourcecode.swift; path = AddTVShowViewController.swift; sourceTree = "<group>"; };
		2A9ED734250D0F8B00B7149B /* AddShowCollectionViewCell.swift */ = {isa = PBXFileReference; lastKnownFileType = sourcecode.swift; path = AddShowCollectionViewCell.swift; sourceTree = "<group>"; };
		2A9ED736250D286600B7149B /* STTextField.swift */ = {isa = PBXFileReference; lastKnownFileType = sourcecode.swift; path = STTextField.swift; sourceTree = "<group>"; };
		2AB1C1922511046A005AC9B7 /* DataSource.swift */ = {isa = PBXFileReference; lastKnownFileType = sourcecode.swift; path = DataSource.swift; sourceTree = "<group>"; };
		2AB1C194251104CC005AC9B7 /* TVShowListTableViewDelegate.swift */ = {isa = PBXFileReference; lastKnownFileType = sourcecode.swift; path = TVShowListTableViewDelegate.swift; sourceTree = "<group>"; };
		2AB1C19625110C89005AC9B7 /* TVShowListViewModelDelegate.swift */ = {isa = PBXFileReference; lastKnownFileType = sourcecode.swift; path = TVShowListViewModelDelegate.swift; sourceTree = "<group>"; };
		2AB1C19B251126AA005AC9B7 /* HomeCollecionView.swift */ = {isa = PBXFileReference; lastKnownFileType = sourcecode.swift; path = HomeCollecionView.swift; sourceTree = "<group>"; };
		2AC527E7250D5FD20068EE0C /* AddTVShowViewModel.swift */ = {isa = PBXFileReference; lastKnownFileType = sourcecode.swift; path = AddTVShowViewModel.swift; sourceTree = "<group>"; };
		2AC527E9250D60260068EE0C /* InputType.swift */ = {isa = PBXFileReference; lastKnownFileType = sourcecode.swift; path = InputType.swift; sourceTree = "<group>"; };
		2AC527EB250D61260068EE0C /* AddShowCellVM.swift */ = {isa = PBXFileReference; lastKnownFileType = sourcecode.swift; path = AddShowCellVM.swift; sourceTree = "<group>"; };
		2AC527ED250D63AE0068EE0C /* UIViewController+Extensions.swift */ = {isa = PBXFileReference; lastKnownFileType = sourcecode.swift; path = "UIViewController+Extensions.swift"; sourceTree = "<group>"; };
		2AC527EF250D67DA0068EE0C /* AlertDisplayable.swift */ = {isa = PBXFileReference; lastKnownFileType = sourcecode.swift; path = AlertDisplayable.swift; sourceTree = "<group>"; };
		2AC527F1250D686D0068EE0C /* String+Extensions.swift */ = {isa = PBXFileReference; lastKnownFileType = sourcecode.swift; path = "String+Extensions.swift"; sourceTree = "<group>"; };
		2AC527F3250D6F020068EE0C /* AddTVShowCollectionView.swift */ = {isa = PBXFileReference; lastKnownFileType = sourcecode.swift; path = AddTVShowCollectionView.swift; sourceTree = "<group>"; };
		2AC527F5250E05770068EE0C /* AddTVShowViewModelDelegate.swift */ = {isa = PBXFileReference; lastKnownFileType = sourcecode.swift; path = AddTVShowViewModelDelegate.swift; sourceTree = "<group>"; };
		2AC527F7250E05940068EE0C /* AddTVShowCollectionViewVM.swift */ = {isa = PBXFileReference; lastKnownFileType = sourcecode.swift; path = AddTVShowCollectionViewVM.swift; sourceTree = "<group>"; };
		2AC527FA250E11730068EE0C /* TVShowListViewController.swift */ = {isa = PBXFileReference; lastKnownFileType = sourcecode.swift; path = TVShowListViewController.swift; sourceTree = "<group>"; };
		2AC527FD250E5AB70068EE0C /* TVShowListTableViewCell.swift */ = {isa = PBXFileReference; lastKnownFileType = sourcecode.swift; path = TVShowListTableViewCell.swift; sourceTree = "<group>"; };
		2AC527FF250E5AE50068EE0C /* UITableView+Extensions.swift */ = {isa = PBXFileReference; lastKnownFileType = sourcecode.swift; path = "UITableView+Extensions.swift"; sourceTree = "<group>"; };
		2AC52801250E767A0068EE0C /* Array+Extensions.swift */ = {isa = PBXFileReference; lastKnownFileType = sourcecode.swift; path = "Array+Extensions.swift"; sourceTree = "<group>"; };
		2AC52803250E76A40068EE0C /* DataFilterService.swift */ = {isa = PBXFileReference; lastKnownFileType = sourcecode.swift; path = DataFilterService.swift; sourceTree = "<group>"; };
		2AC52806250E7F530068EE0C /* TVShowListModel.swift */ = {isa = PBXFileReference; lastKnownFileType = sourcecode.swift; path = TVShowListModel.swift; sourceTree = "<group>"; };
		2AC52809250E7F850068EE0C /* TVShowListVM.swift */ = {isa = PBXFileReference; lastKnownFileType = sourcecode.swift; path = TVShowListVM.swift; sourceTree = "<group>"; };
		2AC5280B250E82960068EE0C /* TVShowListTableViewController.swift */ = {isa = PBXFileReference; lastKnownFileType = sourcecode.swift; path = TVShowListTableViewController.swift; sourceTree = "<group>"; };
		2AC5280D250E82CD0068EE0C /* TVShowListTableViewVM.swift */ = {isa = PBXFileReference; lastKnownFileType = sourcecode.swift; path = TVShowListTableViewVM.swift; sourceTree = "<group>"; };
		2AC5280F250F70840068EE0C /* YearPickerView.swift */ = {isa = PBXFileReference; lastKnownFileType = sourcecode.swift; path = YearPickerView.swift; sourceTree = "<group>"; };
		2AC52845250FE91A0068EE0C /* NetworkError.swift */ = {isa = PBXFileReference; lastKnownFileType = sourcecode.swift; path = NetworkError.swift; sourceTree = "<group>"; };
		2AC52847250FF9230068EE0C /* TVShowWatchStatus.swift */ = {isa = PBXFileReference; lastKnownFileType = sourcecode.swift; path = TVShowWatchStatus.swift; sourceTree = "<group>"; };
		2AF7FECB2508C96D004759C2 /* HomeViewController.swift */ = {isa = PBXFileReference; lastKnownFileType = sourcecode.swift; path = HomeViewController.swift; sourceTree = "<group>"; };
		571BEE4392D8BF04308DAB6D /* Pods-SeriesTrackrTests.release.xcconfig */ = {isa = PBXFileReference; includeInIndex = 1; lastKnownFileType = text.xcconfig; name = "Pods-SeriesTrackrTests.release.xcconfig"; path = "Target Support Files/Pods-SeriesTrackrTests/Pods-SeriesTrackrTests.release.xcconfig"; sourceTree = "<group>"; };
		795CD0063DFD34A23A11258D /* Pods-SeriesTrackr-SeriesTrackrUITests.debug.xcconfig */ = {isa = PBXFileReference; includeInIndex = 1; lastKnownFileType = text.xcconfig; name = "Pods-SeriesTrackr-SeriesTrackrUITests.debug.xcconfig"; path = "Target Support Files/Pods-SeriesTrackr-SeriesTrackrUITests/Pods-SeriesTrackr-SeriesTrackrUITests.debug.xcconfig"; sourceTree = "<group>"; };
		92755784C8436F81EBB9CFB2 /* Pods-SeriesTrackr.release.xcconfig */ = {isa = PBXFileReference; includeInIndex = 1; lastKnownFileType = text.xcconfig; name = "Pods-SeriesTrackr.release.xcconfig"; path = "Target Support Files/Pods-SeriesTrackr/Pods-SeriesTrackr.release.xcconfig"; sourceTree = "<group>"; };
		A7F9E815FE7707ACF14E9E58 /* Pods_SeriesTrackr.framework */ = {isa = PBXFileReference; explicitFileType = wrapper.framework; includeInIndex = 0; path = Pods_SeriesTrackr.framework; sourceTree = BUILT_PRODUCTS_DIR; };
		BF176BA7784219450FE621CA /* Pods-SeriesTrackr-SeriesTrackrUITests.release.xcconfig */ = {isa = PBXFileReference; includeInIndex = 1; lastKnownFileType = text.xcconfig; name = "Pods-SeriesTrackr-SeriesTrackrUITests.release.xcconfig"; path = "Target Support Files/Pods-SeriesTrackr-SeriesTrackrUITests/Pods-SeriesTrackr-SeriesTrackrUITests.release.xcconfig"; sourceTree = "<group>"; };
		C49B2F41947FA3D3065F19AB /* Pods_SeriesTrackrTests.framework */ = {isa = PBXFileReference; explicitFileType = wrapper.framework; includeInIndex = 0; path = Pods_SeriesTrackrTests.framework; sourceTree = BUILT_PRODUCTS_DIR; };
		D21C2B06AD5C7546BC11CED1 /* Pods-SeriesTrackrTests.debug.xcconfig */ = {isa = PBXFileReference; includeInIndex = 1; lastKnownFileType = text.xcconfig; name = "Pods-SeriesTrackrTests.debug.xcconfig"; path = "Target Support Files/Pods-SeriesTrackrTests/Pods-SeriesTrackrTests.debug.xcconfig"; sourceTree = "<group>"; };
		E5B4C6E00AA885D41E8DD64D /* Pods-SeriesTrackr.debug.xcconfig */ = {isa = PBXFileReference; includeInIndex = 1; lastKnownFileType = text.xcconfig; name = "Pods-SeriesTrackr.debug.xcconfig"; path = "Target Support Files/Pods-SeriesTrackr/Pods-SeriesTrackr.debug.xcconfig"; sourceTree = "<group>"; };
		F7AB8278FE9B3FF400BB22B3 /* Pods_SeriesTrackr_SeriesTrackrUITests.framework */ = {isa = PBXFileReference; explicitFileType = wrapper.framework; includeInIndex = 0; path = Pods_SeriesTrackr_SeriesTrackrUITests.framework; sourceTree = BUILT_PRODUCTS_DIR; };
/* End PBXFileReference section */

/* Begin PBXFrameworksBuildPhase section */
		2A0F205B2508C7F300B87255 /* Frameworks */ = {
			isa = PBXFrameworksBuildPhase;
			buildActionMask = 2147483647;
			files = (
				BADAB9A7697E33CFAB405642 /* Pods_SeriesTrackr.framework in Frameworks */,
			);
			runOnlyForDeploymentPostprocessing = 0;
		};
		2A0F20712508C7F400B87255 /* Frameworks */ = {
			isa = PBXFrameworksBuildPhase;
			buildActionMask = 2147483647;
			files = (
				EA0EE4F706D9082A1CE96F36 /* Pods_SeriesTrackrTests.framework in Frameworks */,
			);
			runOnlyForDeploymentPostprocessing = 0;
		};
		2A0F207C2508C7F400B87255 /* Frameworks */ = {
			isa = PBXFrameworksBuildPhase;
			buildActionMask = 2147483647;
			files = (
				35EC3E8B6CE8154776EE093E /* Pods_SeriesTrackr_SeriesTrackrUITests.framework in Frameworks */,
			);
			runOnlyForDeploymentPostprocessing = 0;
		};
/* End PBXFrameworksBuildPhase section */

/* Begin PBXGroup section */
		221B757006EE98C95DE0EC08 /* Pods */ = {
			isa = PBXGroup;
			children = (
				E5B4C6E00AA885D41E8DD64D /* Pods-SeriesTrackr.debug.xcconfig */,
				92755784C8436F81EBB9CFB2 /* Pods-SeriesTrackr.release.xcconfig */,
				795CD0063DFD34A23A11258D /* Pods-SeriesTrackr-SeriesTrackrUITests.debug.xcconfig */,
				BF176BA7784219450FE621CA /* Pods-SeriesTrackr-SeriesTrackrUITests.release.xcconfig */,
				D21C2B06AD5C7546BC11CED1 /* Pods-SeriesTrackrTests.debug.xcconfig */,
				571BEE4392D8BF04308DAB6D /* Pods-SeriesTrackrTests.release.xcconfig */,
			);
			path = Pods;
			sourceTree = "<group>";
		};
		2A0F20552508C7F300B87255 = {
			isa = PBXGroup;
			children = (
				2A0F20602508C7F300B87255 /* SeriesTrackr */,
				2A0F20772508C7F400B87255 /* SeriesTrackrTests */,
				2A0F20822508C7F400B87255 /* SeriesTrackrUITests */,
				2A0F205F2508C7F300B87255 /* Products */,
				221B757006EE98C95DE0EC08 /* Pods */,
				D42304B565CF12D21841E4D0 /* Frameworks */,
			);
			sourceTree = "<group>";
		};
		2A0F205F2508C7F300B87255 /* Products */ = {
			isa = PBXGroup;
			children = (
				2A0F205E2508C7F300B87255 /* SeriesTrackr.app */,
				2A0F20742508C7F400B87255 /* SeriesTrackrTests.xctest */,
				2A0F207F2508C7F400B87255 /* SeriesTrackrUITests.xctest */,
			);
			name = Products;
			sourceTree = "<group>";
		};
		2A0F20602508C7F300B87255 /* SeriesTrackr */ = {
			isa = PBXGroup;
			children = (
				2A9ED71D250CB7AD00B7149B /* Protocols */,
				2A9ED717250CB23F00B7149B /* Extensions */,
				2A9ED70E250CAD5400B7149B /* Constants */,
				2A9ED70B250CACC300B7149B /* Services */,
				2AF7FEC92508C935004759C2 /* Modules */,
				2A0F20612508C7F300B87255 /* AppDelegate.swift */,
				2A0F20632508C7F300B87255 /* SceneDelegate.swift */,
				2A0F206A2508C7F300B87255 /* Assets.xcassets */,
				2A0F206C2508C7F300B87255 /* LaunchScreen.storyboard */,
				2A0F206F2508C7F300B87255 /* Info.plist */,
			);
			path = SeriesTrackr;
			sourceTree = "<group>";
		};
		2A0F20772508C7F400B87255 /* SeriesTrackrTests */ = {
			isa = PBXGroup;
			children = (
				2A0F20782508C7F400B87255 /* SeriesTrackrTests.swift */,
				2A0F207A2508C7F400B87255 /* Info.plist */,
			);
			path = SeriesTrackrTests;
			sourceTree = "<group>";
		};
		2A0F20822508C7F400B87255 /* SeriesTrackrUITests */ = {
			isa = PBXGroup;
			children = (
				2A0F20832508C7F400B87255 /* SeriesTrackrUITests.swift */,
				2A0F20852508C7F400B87255 /* Info.plist */,
			);
			path = SeriesTrackrUITests;
			sourceTree = "<group>";
		};
		2A9ED70B250CACC300B7149B /* Services */ = {
			isa = PBXGroup;
			children = (
				2A9ED70C250CACEF00B7149B /* ParseService.swift */,
				2AC52803250E76A40068EE0C /* DataFilterService.swift */,
			);
			path = Services;
			sourceTree = "<group>";
		};
		2A9ED70E250CAD5400B7149B /* Constants */ = {
			isa = PBXGroup;
			children = (
				2A9ED70F250CAD6E00B7149B /* Constants.swift */,
				2AC527E9250D60260068EE0C /* InputType.swift */,
				2AC52845250FE91A0068EE0C /* NetworkError.swift */,
				2AC52847250FF9230068EE0C /* TVShowWatchStatus.swift */,
			);
			path = Constants;
			sourceTree = "<group>";
		};
		2A9ED711250CAE2E00B7149B /* Model */ = {
			isa = PBXGroup;
			children = (
				2A9ED715250CAE8600B7149B /* TVShow.swift */,
				2A9ED724250CD4A200B7149B /* TrendingShow.swift */,
			);
			path = Model;
			sourceTree = "<group>";
		};
		2A9ED714250CAE5800B7149B /* ViewModel */ = {
			isa = PBXGroup;
			children = (
				2A9ED712250CAE5300B7149B /* HomeViewModel.swift */,
			);
			path = ViewModel;
			sourceTree = "<group>";
		};
		2A9ED717250CB23F00B7149B /* Extensions */ = {
			isa = PBXGroup;
			children = (
				2A9ED71B250CB79900B7149B /* UICollectionView+Extensions.swift */,
				2AC527ED250D63AE0068EE0C /* UIViewController+Extensions.swift */,
				2AC527F1250D686D0068EE0C /* String+Extensions.swift */,
				2AC527FF250E5AE50068EE0C /* UITableView+Extensions.swift */,
				2AC52801250E767A0068EE0C /* Array+Extensions.swift */,
			);
			path = Extensions;
			sourceTree = "<group>";
		};
		2A9ED71D250CB7AD00B7149B /* Protocols */ = {
			isa = PBXGroup;
			children = (
				2A9ED71E250CB7CA00B7149B /* Reusable.swift */,
				2A9ED729250CFA7500B7149B /* Router.swift */,
				2AC527EF250D67DA0068EE0C /* AlertDisplayable.swift */,
				2AC527F5250E05770068EE0C /* AddTVShowViewModelDelegate.swift */,
				2AB1C194251104CC005AC9B7 /* TVShowListTableViewDelegate.swift */,
				2AB1C19625110C89005AC9B7 /* TVShowListViewModelDelegate.swift */,
			);
			path = Protocols;
			sourceTree = "<group>";
		};
		2A9ED722250CB82500B7149B /* View */ = {
			isa = PBXGroup;
			children = (
				2A9ED723250CB83900B7149B /* Cell */,
				2AF7FECB2508C96D004759C2 /* HomeViewController.swift */,
				2AB1C19B251126AA005AC9B7 /* HomeCollecionView.swift */,
			);
			path = View;
			sourceTree = "<group>";
		};
		2A9ED723250CB83900B7149B /* Cell */ = {
			isa = PBXGroup;
			children = (
				2A9ED720250CB82100B7149B /* TrendingCollectionViewCell.swift */,
			);
			path = Cell;
			sourceTree = "<group>";
		};
		2A9ED726250CF84900B7149B /* SharedViews */ = {
			isa = PBXGroup;
			children = (
				2A9ED727250CF86100B7149B /* STButton.swift */,
				2A9ED736250D286600B7149B /* STTextField.swift */,
				2AC5280F250F70840068EE0C /* YearPickerView.swift */,
			);
			path = SharedViews;
			sourceTree = "<group>";
		};
		2A9ED72B250CFAB100B7149B /* Router */ = {
			isa = PBXGroup;
			children = (
				2A9ED72C250CFAC900B7149B /* HomeRouter.swift */,
			);
			path = Router;
			sourceTree = "<group>";
		};
		2A9ED72E250D053B00B7149B /* AddShow */ = {
			isa = PBXGroup;
			children = (
				2AC527E6250D5F070068EE0C /* ViewModel */,
				2A9ED730250D057000B7149B /* View */,
			);
			path = AddShow;
			sourceTree = "<group>";
		};
		2A9ED72F250D054C00B7149B /* TVShowList */ = {
			isa = PBXGroup;
			children = (
				2AC52805250E7F3C0068EE0C /* Model */,
				2AC52808250E7F760068EE0C /* ViewModel */,
				2AC527F9250E11510068EE0C /* View */,
			);
			path = TVShowList;
			sourceTree = "<group>";
		};
		2A9ED730250D057000B7149B /* View */ = {
			isa = PBXGroup;
			children = (
				2A9ED733250D0F6000B7149B /* Cell */,
				2A9ED731250D059D00B7149B /* AddTVShowViewController.swift */,
				2AC527F3250D6F020068EE0C /* AddTVShowCollectionView.swift */,
			);
			path = View;
			sourceTree = "<group>";
		};
		2A9ED733250D0F6000B7149B /* Cell */ = {
			isa = PBXGroup;
			children = (
				2A9ED734250D0F8B00B7149B /* AddShowCollectionViewCell.swift */,
			);
			path = Cell;
			sourceTree = "<group>";
		};
		2AC527E6250D5F070068EE0C /* ViewModel */ = {
			isa = PBXGroup;
			children = (
				2AC527E7250D5FD20068EE0C /* AddTVShowViewModel.swift */,
				2AC527EB250D61260068EE0C /* AddShowCellVM.swift */,
				2AC527F7250E05940068EE0C /* AddTVShowCollectionViewVM.swift */,
			);
			path = ViewModel;
			sourceTree = "<group>";
		};
		2AC527F9250E11510068EE0C /* View */ = {
			isa = PBXGroup;
			children = (
				2AC527FC250E5A920068EE0C /* Cell */,
				2AC527FA250E11730068EE0C /* TVShowListViewController.swift */,
				2AC5280B250E82960068EE0C /* TVShowListTableViewController.swift */,
				2AB1C1922511046A005AC9B7 /* DataSource.swift */,
			);
			path = View;
			sourceTree = "<group>";
		};
		2AC527FC250E5A920068EE0C /* Cell */ = {
			isa = PBXGroup;
			children = (
				2AC527FD250E5AB70068EE0C /* TVShowListTableViewCell.swift */,
			);
			path = Cell;
			sourceTree = "<group>";
		};
		2AC52805250E7F3C0068EE0C /* Model */ = {
			isa = PBXGroup;
			children = (
				2AC52806250E7F530068EE0C /* TVShowListModel.swift */,
			);
			path = Model;
			sourceTree = "<group>";
		};
		2AC52808250E7F760068EE0C /* ViewModel */ = {
			isa = PBXGroup;
			children = (
				2AC52809250E7F850068EE0C /* TVShowListVM.swift */,
				2AC5280D250E82CD0068EE0C /* TVShowListTableViewVM.swift */,
			);
			path = ViewModel;
			sourceTree = "<group>";
		};
		2AF7FEC92508C935004759C2 /* Modules */ = {
			isa = PBXGroup;
			children = (
				2A9ED726250CF84900B7149B /* SharedViews */,
				2AF7FECA2508C93D004759C2 /* Home */,
				2A9ED72E250D053B00B7149B /* AddShow */,
				2A9ED72F250D054C00B7149B /* TVShowList */,
			);
			path = Modules;
			sourceTree = "<group>";
		};
		2AF7FECA2508C93D004759C2 /* Home */ = {
			isa = PBXGroup;
			children = (
				2A9ED72B250CFAB100B7149B /* Router */,
				2A9ED722250CB82500B7149B /* View */,
				2A9ED714250CAE5800B7149B /* ViewModel */,
				2A9ED711250CAE2E00B7149B /* Model */,
			);
			path = Home;
			sourceTree = "<group>";
		};
		D42304B565CF12D21841E4D0 /* Frameworks */ = {
			isa = PBXGroup;
			children = (
				A7F9E815FE7707ACF14E9E58 /* Pods_SeriesTrackr.framework */,
				F7AB8278FE9B3FF400BB22B3 /* Pods_SeriesTrackr_SeriesTrackrUITests.framework */,
				C49B2F41947FA3D3065F19AB /* Pods_SeriesTrackrTests.framework */,
			);
			name = Frameworks;
			sourceTree = "<group>";
		};
/* End PBXGroup section */

/* Begin PBXNativeTarget section */
		2A0F205D2508C7F300B87255 /* SeriesTrackr */ = {
			isa = PBXNativeTarget;
			buildConfigurationList = 2A0F20882508C7F400B87255 /* Build configuration list for PBXNativeTarget "SeriesTrackr" */;
			buildPhases = (
				24F3BBAB0791C45DAC1A5454 /* [CP] Check Pods Manifest.lock */,
				2A0F205A2508C7F300B87255 /* Sources */,
				2A0F205B2508C7F300B87255 /* Frameworks */,
				2A0F205C2508C7F300B87255 /* Resources */,
				2B60298B511BBEAE2B754D61 /* [CP] Embed Pods Frameworks */,
			);
			buildRules = (
			);
			dependencies = (
			);
			name = SeriesTrackr;
			productName = SeriesTrackr;
			productReference = 2A0F205E2508C7F300B87255 /* SeriesTrackr.app */;
			productType = "com.apple.product-type.application";
		};
		2A0F20732508C7F400B87255 /* SeriesTrackrTests */ = {
			isa = PBXNativeTarget;
			buildConfigurationList = 2A0F208B2508C7F400B87255 /* Build configuration list for PBXNativeTarget "SeriesTrackrTests" */;
			buildPhases = (
				52C40FD68B05D01061C71CF4 /* [CP] Check Pods Manifest.lock */,
				2A0F20702508C7F400B87255 /* Sources */,
				2A0F20712508C7F400B87255 /* Frameworks */,
				2A0F20722508C7F400B87255 /* Resources */,
			);
			buildRules = (
			);
			dependencies = (
				2A0F20762508C7F400B87255 /* PBXTargetDependency */,
			);
			name = SeriesTrackrTests;
			productName = SeriesTrackrTests;
			productReference = 2A0F20742508C7F400B87255 /* SeriesTrackrTests.xctest */;
			productType = "com.apple.product-type.bundle.unit-test";
		};
		2A0F207E2508C7F400B87255 /* SeriesTrackrUITests */ = {
			isa = PBXNativeTarget;
			buildConfigurationList = 2A0F208E2508C7F400B87255 /* Build configuration list for PBXNativeTarget "SeriesTrackrUITests" */;
			buildPhases = (
				D09B227440809396A8425CA3 /* [CP] Check Pods Manifest.lock */,
				2A0F207B2508C7F400B87255 /* Sources */,
				2A0F207C2508C7F400B87255 /* Frameworks */,
				2A0F207D2508C7F400B87255 /* Resources */,
				DCF2BB80F73AABF33180242C /* [CP] Embed Pods Frameworks */,
			);
			buildRules = (
			);
			dependencies = (
				2A0F20812508C7F400B87255 /* PBXTargetDependency */,
			);
			name = SeriesTrackrUITests;
			productName = SeriesTrackrUITests;
			productReference = 2A0F207F2508C7F400B87255 /* SeriesTrackrUITests.xctest */;
			productType = "com.apple.product-type.bundle.ui-testing";
		};
/* End PBXNativeTarget section */

/* Begin PBXProject section */
		2A0F20562508C7F300B87255 /* Project object */ = {
			isa = PBXProject;
			attributes = {
				LastSwiftUpdateCheck = 1130;
				LastUpgradeCheck = 1130;
				ORGANIZATIONNAME = shek;
				TargetAttributes = {
					2A0F205D2508C7F300B87255 = {
						CreatedOnToolsVersion = 11.3;
					};
					2A0F20732508C7F400B87255 = {
						CreatedOnToolsVersion = 11.3;
						TestTargetID = 2A0F205D2508C7F300B87255;
					};
					2A0F207E2508C7F400B87255 = {
						CreatedOnToolsVersion = 11.3;
						TestTargetID = 2A0F205D2508C7F300B87255;
					};
				};
			};
			buildConfigurationList = 2A0F20592508C7F300B87255 /* Build configuration list for PBXProject "SeriesTrackr" */;
			compatibilityVersion = "Xcode 9.3";
			developmentRegion = en;
			hasScannedForEncodings = 0;
			knownRegions = (
				en,
				Base,
			);
			mainGroup = 2A0F20552508C7F300B87255;
			productRefGroup = 2A0F205F2508C7F300B87255 /* Products */;
			projectDirPath = "";
			projectRoot = "";
			targets = (
				2A0F205D2508C7F300B87255 /* SeriesTrackr */,
				2A0F20732508C7F400B87255 /* SeriesTrackrTests */,
				2A0F207E2508C7F400B87255 /* SeriesTrackrUITests */,
			);
		};
/* End PBXProject section */

/* Begin PBXResourcesBuildPhase section */
		2A0F205C2508C7F300B87255 /* Resources */ = {
			isa = PBXResourcesBuildPhase;
			buildActionMask = 2147483647;
			files = (
				2A0F206E2508C7F300B87255 /* LaunchScreen.storyboard in Resources */,
				2A0F206B2508C7F300B87255 /* Assets.xcassets in Resources */,
			);
			runOnlyForDeploymentPostprocessing = 0;
		};
		2A0F20722508C7F400B87255 /* Resources */ = {
			isa = PBXResourcesBuildPhase;
			buildActionMask = 2147483647;
			files = (
			);
			runOnlyForDeploymentPostprocessing = 0;
		};
		2A0F207D2508C7F400B87255 /* Resources */ = {
			isa = PBXResourcesBuildPhase;
			buildActionMask = 2147483647;
			files = (
			);
			runOnlyForDeploymentPostprocessing = 0;
		};
/* End PBXResourcesBuildPhase section */

/* Begin PBXShellScriptBuildPhase section */
		24F3BBAB0791C45DAC1A5454 /* [CP] Check Pods Manifest.lock */ = {
			isa = PBXShellScriptBuildPhase;
			buildActionMask = 2147483647;
			files = (
			);
			inputFileListPaths = (
			);
			inputPaths = (
				"${PODS_PODFILE_DIR_PATH}/Podfile.lock",
				"${PODS_ROOT}/Manifest.lock",
			);
			name = "[CP] Check Pods Manifest.lock";
			outputFileListPaths = (
			);
			outputPaths = (
				"$(DERIVED_FILE_DIR)/Pods-SeriesTrackr-checkManifestLockResult.txt",
			);
			runOnlyForDeploymentPostprocessing = 0;
			shellPath = /bin/sh;
			shellScript = "diff \"${PODS_PODFILE_DIR_PATH}/Podfile.lock\" \"${PODS_ROOT}/Manifest.lock\" > /dev/null\nif [ $? != 0 ] ; then\n    # print error to STDERR\n    echo \"error: The sandbox is not in sync with the Podfile.lock. Run 'pod install' or update your CocoaPods installation.\" >&2\n    exit 1\nfi\n# This output is used by Xcode 'outputs' to avoid re-running this script phase.\necho \"SUCCESS\" > \"${SCRIPT_OUTPUT_FILE_0}\"\n";
			showEnvVarsInLog = 0;
		};
		2B60298B511BBEAE2B754D61 /* [CP] Embed Pods Frameworks */ = {
			isa = PBXShellScriptBuildPhase;
			buildActionMask = 2147483647;
			files = (
			);
			inputFileListPaths = (
				"${PODS_ROOT}/Target Support Files/Pods-SeriesTrackr/Pods-SeriesTrackr-frameworks-${CONFIGURATION}-input-files.xcfilelist",
			);
			name = "[CP] Embed Pods Frameworks";
			outputFileListPaths = (
				"${PODS_ROOT}/Target Support Files/Pods-SeriesTrackr/Pods-SeriesTrackr-frameworks-${CONFIGURATION}-output-files.xcfilelist",
			);
			runOnlyForDeploymentPostprocessing = 0;
			shellPath = /bin/sh;
			shellScript = "\"${PODS_ROOT}/Target Support Files/Pods-SeriesTrackr/Pods-SeriesTrackr-frameworks.sh\"\n";
			showEnvVarsInLog = 0;
		};
		52C40FD68B05D01061C71CF4 /* [CP] Check Pods Manifest.lock */ = {
			isa = PBXShellScriptBuildPhase;
			buildActionMask = 2147483647;
			files = (
			);
			inputFileListPaths = (
			);
			inputPaths = (
				"${PODS_PODFILE_DIR_PATH}/Podfile.lock",
				"${PODS_ROOT}/Manifest.lock",
			);
			name = "[CP] Check Pods Manifest.lock";
			outputFileListPaths = (
			);
			outputPaths = (
				"$(DERIVED_FILE_DIR)/Pods-SeriesTrackrTests-checkManifestLockResult.txt",
			);
			runOnlyForDeploymentPostprocessing = 0;
			shellPath = /bin/sh;
			shellScript = "diff \"${PODS_PODFILE_DIR_PATH}/Podfile.lock\" \"${PODS_ROOT}/Manifest.lock\" > /dev/null\nif [ $? != 0 ] ; then\n    # print error to STDERR\n    echo \"error: The sandbox is not in sync with the Podfile.lock. Run 'pod install' or update your CocoaPods installation.\" >&2\n    exit 1\nfi\n# This output is used by Xcode 'outputs' to avoid re-running this script phase.\necho \"SUCCESS\" > \"${SCRIPT_OUTPUT_FILE_0}\"\n";
			showEnvVarsInLog = 0;
		};
		D09B227440809396A8425CA3 /* [CP] Check Pods Manifest.lock */ = {
			isa = PBXShellScriptBuildPhase;
			buildActionMask = 2147483647;
			files = (
			);
			inputFileListPaths = (
			);
			inputPaths = (
				"${PODS_PODFILE_DIR_PATH}/Podfile.lock",
				"${PODS_ROOT}/Manifest.lock",
			);
			name = "[CP] Check Pods Manifest.lock";
			outputFileListPaths = (
			);
			outputPaths = (
				"$(DERIVED_FILE_DIR)/Pods-SeriesTrackr-SeriesTrackrUITests-checkManifestLockResult.txt",
			);
			runOnlyForDeploymentPostprocessing = 0;
			shellPath = /bin/sh;
			shellScript = "diff \"${PODS_PODFILE_DIR_PATH}/Podfile.lock\" \"${PODS_ROOT}/Manifest.lock\" > /dev/null\nif [ $? != 0 ] ; then\n    # print error to STDERR\n    echo \"error: The sandbox is not in sync with the Podfile.lock. Run 'pod install' or update your CocoaPods installation.\" >&2\n    exit 1\nfi\n# This output is used by Xcode 'outputs' to avoid re-running this script phase.\necho \"SUCCESS\" > \"${SCRIPT_OUTPUT_FILE_0}\"\n";
			showEnvVarsInLog = 0;
		};
		DCF2BB80F73AABF33180242C /* [CP] Embed Pods Frameworks */ = {
			isa = PBXShellScriptBuildPhase;
			buildActionMask = 2147483647;
			files = (
			);
			inputFileListPaths = (
				"${PODS_ROOT}/Target Support Files/Pods-SeriesTrackr-SeriesTrackrUITests/Pods-SeriesTrackr-SeriesTrackrUITests-frameworks-${CONFIGURATION}-input-files.xcfilelist",
			);
			name = "[CP] Embed Pods Frameworks";
			outputFileListPaths = (
				"${PODS_ROOT}/Target Support Files/Pods-SeriesTrackr-SeriesTrackrUITests/Pods-SeriesTrackr-SeriesTrackrUITests-frameworks-${CONFIGURATION}-output-files.xcfilelist",
			);
			runOnlyForDeploymentPostprocessing = 0;
			shellPath = /bin/sh;
			shellScript = "\"${PODS_ROOT}/Target Support Files/Pods-SeriesTrackr-SeriesTrackrUITests/Pods-SeriesTrackr-SeriesTrackrUITests-frameworks.sh\"\n";
			showEnvVarsInLog = 0;
		};
/* End PBXShellScriptBuildPhase section */

/* Begin PBXSourcesBuildPhase section */
		2A0F205A2508C7F300B87255 /* Sources */ = {
			isa = PBXSourcesBuildPhase;
			buildActionMask = 2147483647;
			files = (
				2A9ED728250CF86100B7149B /* STButton.swift in Sources */,
				2AC52802250E767A0068EE0C /* Array+Extensions.swift in Sources */,
				2A9ED710250CAD6E00B7149B /* Constants.swift in Sources */,
				2AB1C1932511046A005AC9B7 /* DataSource.swift in Sources */,
				2A9ED713250CAE5300B7149B /* HomeViewModel.swift in Sources */,
				2A9ED737250D286600B7149B /* STTextField.swift in Sources */,
				2AC527EA250D60260068EE0C /* InputType.swift in Sources */,
				2AC527FB250E11730068EE0C /* TVShowListViewController.swift in Sources */,
				2AC5280A250E7F850068EE0C /* TVShowListVM.swift in Sources */,
				2AC5280C250E82960068EE0C /* TVShowListTableViewController.swift in Sources */,
				2AB1C19725110C89005AC9B7 /* TVShowListViewModelDelegate.swift in Sources */,
				2A0F20622508C7F300B87255 /* AppDelegate.swift in Sources */,
				2AC52807250E7F530068EE0C /* TVShowListModel.swift in Sources */,
				2A9ED716250CAE8600B7149B /* TVShow.swift in Sources */,
				2AB1C19C251126AA005AC9B7 /* HomeCollecionView.swift in Sources */,
				2AC52804250E76A40068EE0C /* DataFilterService.swift in Sources */,
				2AC527F0250D67DA0068EE0C /* AlertDisplayable.swift in Sources */,
				2A9ED71F250CB7CA00B7149B /* Reusable.swift in Sources */,
				2AC527FE250E5AB70068EE0C /* TVShowListTableViewCell.swift in Sources */,
				2AC52846250FE91A0068EE0C /* NetworkError.swift in Sources */,
				2A9ED725250CD4A200B7149B /* TrendingShow.swift in Sources */,
				2AC52848250FF9230068EE0C /* TVShowWatchStatus.swift in Sources */,
				2AC5280E250E82CD0068EE0C /* TVShowListTableViewVM.swift in Sources */,
				2AC52810250F70840068EE0C /* YearPickerView.swift in Sources */,
				2A9ED70D250CACEF00B7149B /* ParseService.swift in Sources */,
				2AC527F4250D6F020068EE0C /* AddTVShowCollectionView.swift in Sources */,
				2AC527F8250E05940068EE0C /* AddTVShowCollectionViewVM.swift in Sources */,
				2AC527EE250D63AE0068EE0C /* UIViewController+Extensions.swift in Sources */,
				2AC527F6250E05770068EE0C /* AddTVShowViewModelDelegate.swift in Sources */,
				2AB1C195251104CC005AC9B7 /* TVShowListTableViewDelegate.swift in Sources */,
				2A9ED71C250CB79900B7149B /* UICollectionView+Extensions.swift in Sources */,
				2AC527EC250D61260068EE0C /* AddShowCellVM.swift in Sources */,
				2A9ED72D250CFAC900B7149B /* HomeRouter.swift in Sources */,
				2AC52800250E5AE50068EE0C /* UITableView+Extensions.swift in Sources */,
				2A0F20642508C7F300B87255 /* SceneDelegate.swift in Sources */,
				2A9ED735250D0F8B00B7149B /* AddShowCollectionViewCell.swift in Sources */,
				2A9ED732250D059D00B7149B /* AddTVShowViewController.swift in Sources */,
				2A9ED721250CB82100B7149B /* TrendingCollectionViewCell.swift in Sources */,
				2AC527F2250D686D0068EE0C /* String+Extensions.swift in Sources */,
				2AC527E8250D5FD20068EE0C /* AddTVShowViewModel.swift in Sources */,
				2AF7FECC2508C96D004759C2 /* HomeViewController.swift in Sources */,
				2A9ED72A250CFA7500B7149B /* Router.swift in Sources */,
			);
			runOnlyForDeploymentPostprocessing = 0;
		};
		2A0F20702508C7F400B87255 /* Sources */ = {
			isa = PBXSourcesBuildPhase;
			buildActionMask = 2147483647;
			files = (
				2A0F20792508C7F400B87255 /* SeriesTrackrTests.swift in Sources */,
			);
			runOnlyForDeploymentPostprocessing = 0;
		};
		2A0F207B2508C7F400B87255 /* Sources */ = {
			isa = PBXSourcesBuildPhase;
			buildActionMask = 2147483647;
			files = (
				2A0F20842508C7F400B87255 /* SeriesTrackrUITests.swift in Sources */,
			);
			runOnlyForDeploymentPostprocessing = 0;
		};
/* End PBXSourcesBuildPhase section */

/* Begin PBXTargetDependency section */
		2A0F20762508C7F400B87255 /* PBXTargetDependency */ = {
			isa = PBXTargetDependency;
			target = 2A0F205D2508C7F300B87255 /* SeriesTrackr */;
			targetProxy = 2A0F20752508C7F400B87255 /* PBXContainerItemProxy */;
		};
		2A0F20812508C7F400B87255 /* PBXTargetDependency */ = {
			isa = PBXTargetDependency;
			target = 2A0F205D2508C7F300B87255 /* SeriesTrackr */;
			targetProxy = 2A0F20802508C7F400B87255 /* PBXContainerItemProxy */;
		};
/* End PBXTargetDependency section */

/* Begin PBXVariantGroup section */
		2A0F206C2508C7F300B87255 /* LaunchScreen.storyboard */ = {
			isa = PBXVariantGroup;
			children = (
				2A0F206D2508C7F300B87255 /* Base */,
			);
			name = LaunchScreen.storyboard;
			sourceTree = "<group>";
		};
/* End PBXVariantGroup section */

/* Begin XCBuildConfiguration section */
		2A0F20862508C7F400B87255 /* Debug */ = {
			isa = XCBuildConfiguration;
			buildSettings = {
				ALWAYS_SEARCH_USER_PATHS = NO;
				CLANG_ANALYZER_NONNULL = YES;
				CLANG_ANALYZER_NUMBER_OBJECT_CONVERSION = YES_AGGRESSIVE;
				CLANG_CXX_LANGUAGE_STANDARD = "gnu++14";
				CLANG_CXX_LIBRARY = "libc++";
				CLANG_ENABLE_MODULES = YES;
				CLANG_ENABLE_OBJC_ARC = YES;
				CLANG_ENABLE_OBJC_WEAK = YES;
				CLANG_WARN_BLOCK_CAPTURE_AUTORELEASING = YES;
				CLANG_WARN_BOOL_CONVERSION = YES;
				CLANG_WARN_COMMA = YES;
				CLANG_WARN_CONSTANT_CONVERSION = YES;
				CLANG_WARN_DEPRECATED_OBJC_IMPLEMENTATIONS = YES;
				CLANG_WARN_DIRECT_OBJC_ISA_USAGE = YES_ERROR;
				CLANG_WARN_DOCUMENTATION_COMMENTS = YES;
				CLANG_WARN_EMPTY_BODY = YES;
				CLANG_WARN_ENUM_CONVERSION = YES;
				CLANG_WARN_INFINITE_RECURSION = YES;
				CLANG_WARN_INT_CONVERSION = YES;
				CLANG_WARN_NON_LITERAL_NULL_CONVERSION = YES;
				CLANG_WARN_OBJC_IMPLICIT_RETAIN_SELF = YES;
				CLANG_WARN_OBJC_LITERAL_CONVERSION = YES;
				CLANG_WARN_OBJC_ROOT_CLASS = YES_ERROR;
				CLANG_WARN_RANGE_LOOP_ANALYSIS = YES;
				CLANG_WARN_STRICT_PROTOTYPES = YES;
				CLANG_WARN_SUSPICIOUS_MOVE = YES;
				CLANG_WARN_UNGUARDED_AVAILABILITY = YES_AGGRESSIVE;
				CLANG_WARN_UNREACHABLE_CODE = YES;
				CLANG_WARN__DUPLICATE_METHOD_MATCH = YES;
				COPY_PHASE_STRIP = NO;
				DEBUG_INFORMATION_FORMAT = dwarf;
				ENABLE_STRICT_OBJC_MSGSEND = YES;
				ENABLE_TESTABILITY = YES;
				GCC_C_LANGUAGE_STANDARD = gnu11;
				GCC_DYNAMIC_NO_PIC = NO;
				GCC_NO_COMMON_BLOCKS = YES;
				GCC_OPTIMIZATION_LEVEL = 0;
				GCC_PREPROCESSOR_DEFINITIONS = (
					"DEBUG=1",
					"$(inherited)",
				);
				GCC_WARN_64_TO_32_BIT_CONVERSION = YES;
				GCC_WARN_ABOUT_RETURN_TYPE = YES_ERROR;
				GCC_WARN_UNDECLARED_SELECTOR = YES;
				GCC_WARN_UNINITIALIZED_AUTOS = YES_AGGRESSIVE;
				GCC_WARN_UNUSED_FUNCTION = YES;
				GCC_WARN_UNUSED_VARIABLE = YES;
				IPHONEOS_DEPLOYMENT_TARGET = 13.2;
				MTL_ENABLE_DEBUG_INFO = INCLUDE_SOURCE;
				MTL_FAST_MATH = YES;
				ONLY_ACTIVE_ARCH = YES;
				SDKROOT = iphoneos;
				SWIFT_ACTIVE_COMPILATION_CONDITIONS = DEBUG;
				SWIFT_OPTIMIZATION_LEVEL = "-Onone";
			};
			name = Debug;
		};
		2A0F20872508C7F400B87255 /* Release */ = {
			isa = XCBuildConfiguration;
			buildSettings = {
				ALWAYS_SEARCH_USER_PATHS = NO;
				CLANG_ANALYZER_NONNULL = YES;
				CLANG_ANALYZER_NUMBER_OBJECT_CONVERSION = YES_AGGRESSIVE;
				CLANG_CXX_LANGUAGE_STANDARD = "gnu++14";
				CLANG_CXX_LIBRARY = "libc++";
				CLANG_ENABLE_MODULES = YES;
				CLANG_ENABLE_OBJC_ARC = YES;
				CLANG_ENABLE_OBJC_WEAK = YES;
				CLANG_WARN_BLOCK_CAPTURE_AUTORELEASING = YES;
				CLANG_WARN_BOOL_CONVERSION = YES;
				CLANG_WARN_COMMA = YES;
				CLANG_WARN_CONSTANT_CONVERSION = YES;
				CLANG_WARN_DEPRECATED_OBJC_IMPLEMENTATIONS = YES;
				CLANG_WARN_DIRECT_OBJC_ISA_USAGE = YES_ERROR;
				CLANG_WARN_DOCUMENTATION_COMMENTS = YES;
				CLANG_WARN_EMPTY_BODY = YES;
				CLANG_WARN_ENUM_CONVERSION = YES;
				CLANG_WARN_INFINITE_RECURSION = YES;
				CLANG_WARN_INT_CONVERSION = YES;
				CLANG_WARN_NON_LITERAL_NULL_CONVERSION = YES;
				CLANG_WARN_OBJC_IMPLICIT_RETAIN_SELF = YES;
				CLANG_WARN_OBJC_LITERAL_CONVERSION = YES;
				CLANG_WARN_OBJC_ROOT_CLASS = YES_ERROR;
				CLANG_WARN_RANGE_LOOP_ANALYSIS = YES;
				CLANG_WARN_STRICT_PROTOTYPES = YES;
				CLANG_WARN_SUSPICIOUS_MOVE = YES;
				CLANG_WARN_UNGUARDED_AVAILABILITY = YES_AGGRESSIVE;
				CLANG_WARN_UNREACHABLE_CODE = YES;
				CLANG_WARN__DUPLICATE_METHOD_MATCH = YES;
				COPY_PHASE_STRIP = NO;
				DEBUG_INFORMATION_FORMAT = "dwarf-with-dsym";
				ENABLE_NS_ASSERTIONS = NO;
				ENABLE_STRICT_OBJC_MSGSEND = YES;
				GCC_C_LANGUAGE_STANDARD = gnu11;
				GCC_NO_COMMON_BLOCKS = YES;
				GCC_WARN_64_TO_32_BIT_CONVERSION = YES;
				GCC_WARN_ABOUT_RETURN_TYPE = YES_ERROR;
				GCC_WARN_UNDECLARED_SELECTOR = YES;
				GCC_WARN_UNINITIALIZED_AUTOS = YES_AGGRESSIVE;
				GCC_WARN_UNUSED_FUNCTION = YES;
				GCC_WARN_UNUSED_VARIABLE = YES;
				IPHONEOS_DEPLOYMENT_TARGET = 13.2;
				MTL_ENABLE_DEBUG_INFO = NO;
				MTL_FAST_MATH = YES;
				SDKROOT = iphoneos;
				SWIFT_COMPILATION_MODE = wholemodule;
				SWIFT_OPTIMIZATION_LEVEL = "-O";
				VALIDATE_PRODUCT = YES;
			};
			name = Release;
		};
		2A0F20892508C7F400B87255 /* Debug */ = {
			isa = XCBuildConfiguration;
			baseConfigurationReference = E5B4C6E00AA885D41E8DD64D /* Pods-SeriesTrackr.debug.xcconfig */;
			buildSettings = {
				ASSETCATALOG_COMPILER_APPICON_NAME = AppIcon;
				CODE_SIGN_STYLE = Automatic;
				DEVELOPMENT_TEAM = NNT4YXH3R5;
				INFOPLIST_FILE = SeriesTrackr/Info.plist;
				LD_RUNPATH_SEARCH_PATHS = (
					"$(inherited)",
					"@executable_path/Frameworks",
				);
				PRODUCT_BUNDLE_IDENTIFIER = shek.SeriesTrackr;
				PRODUCT_NAME = "$(TARGET_NAME)";
				SWIFT_VERSION = 5.0;
				TARGETED_DEVICE_FAMILY = "1,2";
			};
			name = Debug;
		};
		2A0F208A2508C7F400B87255 /* Release */ = {
			isa = XCBuildConfiguration;
			baseConfigurationReference = 92755784C8436F81EBB9CFB2 /* Pods-SeriesTrackr.release.xcconfig */;
			buildSettings = {
				ASSETCATALOG_COMPILER_APPICON_NAME = AppIcon;
				CODE_SIGN_STYLE = Automatic;
				DEVELOPMENT_TEAM = NNT4YXH3R5;
				INFOPLIST_FILE = SeriesTrackr/Info.plist;
				LD_RUNPATH_SEARCH_PATHS = (
					"$(inherited)",
					"@executable_path/Frameworks",
				);
				PRODUCT_BUNDLE_IDENTIFIER = shek.SeriesTrackr;
				PRODUCT_NAME = "$(TARGET_NAME)";
				SWIFT_VERSION = 5.0;
				TARGETED_DEVICE_FAMILY = "1,2";
			};
			name = Release;
		};
		2A0F208C2508C7F400B87255 /* Debug */ = {
			isa = XCBuildConfiguration;
			baseConfigurationReference = D21C2B06AD5C7546BC11CED1 /* Pods-SeriesTrackrTests.debug.xcconfig */;
			buildSettings = {
				ALWAYS_EMBED_SWIFT_STANDARD_LIBRARIES = YES;
				BUNDLE_LOADER = "$(TEST_HOST)";
				CODE_SIGN_STYLE = Automatic;
				DEVELOPMENT_TEAM = NNT4YXH3R5;
				INFOPLIST_FILE = SeriesTrackrTests/Info.plist;
				IPHONEOS_DEPLOYMENT_TARGET = 13.2;
				LD_RUNPATH_SEARCH_PATHS = (
					"$(inherited)",
					"@executable_path/Frameworks",
					"@loader_path/Frameworks",
				);
				PRODUCT_BUNDLE_IDENTIFIER = shek.SeriesTrackrTests;
				PRODUCT_NAME = "$(TARGET_NAME)";
				SWIFT_VERSION = 5.0;
				TARGETED_DEVICE_FAMILY = "1,2";
				TEST_HOST = "$(BUILT_PRODUCTS_DIR)/SeriesTrackr.app/SeriesTrackr";
			};
			name = Debug;
		};
		2A0F208D2508C7F400B87255 /* Release */ = {
			isa = XCBuildConfiguration;
			baseConfigurationReference = 571BEE4392D8BF04308DAB6D /* Pods-SeriesTrackrTests.release.xcconfig */;
			buildSettings = {
				ALWAYS_EMBED_SWIFT_STANDARD_LIBRARIES = YES;
				BUNDLE_LOADER = "$(TEST_HOST)";
				CODE_SIGN_STYLE = Automatic;
				DEVELOPMENT_TEAM = NNT4YXH3R5;
				INFOPLIST_FILE = SeriesTrackrTests/Info.plist;
				IPHONEOS_DEPLOYMENT_TARGET = 13.2;
				LD_RUNPATH_SEARCH_PATHS = (
					"$(inherited)",
					"@executable_path/Frameworks",
					"@loader_path/Frameworks",
				);
				PRODUCT_BUNDLE_IDENTIFIER = shek.SeriesTrackrTests;
				PRODUCT_NAME = "$(TARGET_NAME)";
				SWIFT_VERSION = 5.0;
				TARGETED_DEVICE_FAMILY = "1,2";
				TEST_HOST = "$(BUILT_PRODUCTS_DIR)/SeriesTrackr.app/SeriesTrackr";
			};
			name = Release;
		};
		2A0F208F2508C7F400B87255 /* Debug */ = {
			isa = XCBuildConfiguration;
			baseConfigurationReference = 795CD0063DFD34A23A11258D /* Pods-SeriesTrackr-SeriesTrackrUITests.debug.xcconfig */;
			buildSettings = {
				ALWAYS_EMBED_SWIFT_STANDARD_LIBRARIES = YES;
				CODE_SIGN_STYLE = Automatic;
				DEVELOPMENT_TEAM = NNT4YXH3R5;
				INFOPLIST_FILE = SeriesTrackrUITests/Info.plist;
				LD_RUNPATH_SEARCH_PATHS = (
					"$(inherited)",
					"@executable_path/Frameworks",
					"@loader_path/Frameworks",
				);
				PRODUCT_BUNDLE_IDENTIFIER = shek.SeriesTrackrUITests;
				PRODUCT_NAME = "$(TARGET_NAME)";
				SWIFT_VERSION = 5.0;
				TARGETED_DEVICE_FAMILY = "1,2";
				TEST_TARGET_NAME = SeriesTrackr;
			};
			name = Debug;
		};
		2A0F20902508C7F400B87255 /* Release */ = {
			isa = XCBuildConfiguration;
			baseConfigurationReference = BF176BA7784219450FE621CA /* Pods-SeriesTrackr-SeriesTrackrUITests.release.xcconfig */;
			buildSettings = {
				ALWAYS_EMBED_SWIFT_STANDARD_LIBRARIES = YES;
				CODE_SIGN_STYLE = Automatic;
				DEVELOPMENT_TEAM = NNT4YXH3R5;
				INFOPLIST_FILE = SeriesTrackrUITests/Info.plist;
				LD_RUNPATH_SEARCH_PATHS = (
					"$(inherited)",
					"@executable_path/Frameworks",
					"@loader_path/Frameworks",
				);
				PRODUCT_BUNDLE_IDENTIFIER = shek.SeriesTrackrUITests;
				PRODUCT_NAME = "$(TARGET_NAME)";
				SWIFT_VERSION = 5.0;
				TARGETED_DEVICE_FAMILY = "1,2";
				TEST_TARGET_NAME = SeriesTrackr;
			};
			name = Release;
		};
/* End XCBuildConfiguration section */

/* Begin XCConfigurationList section */
		2A0F20592508C7F300B87255 /* Build configuration list for PBXProject "SeriesTrackr" */ = {
			isa = XCConfigurationList;
			buildConfigurations = (
				2A0F20862508C7F400B87255 /* Debug */,
				2A0F20872508C7F400B87255 /* Release */,
			);
			defaultConfigurationIsVisible = 0;
			defaultConfigurationName = Release;
		};
		2A0F20882508C7F400B87255 /* Build configuration list for PBXNativeTarget "SeriesTrackr" */ = {
			isa = XCConfigurationList;
			buildConfigurations = (
				2A0F20892508C7F400B87255 /* Debug */,
				2A0F208A2508C7F400B87255 /* Release */,
			);
			defaultConfigurationIsVisible = 0;
			defaultConfigurationName = Release;
		};
		2A0F208B2508C7F400B87255 /* Build configuration list for PBXNativeTarget "SeriesTrackrTests" */ = {
			isa = XCConfigurationList;
			buildConfigurations = (
				2A0F208C2508C7F400B87255 /* Debug */,
				2A0F208D2508C7F400B87255 /* Release */,
			);
			defaultConfigurationIsVisible = 0;
			defaultConfigurationName = Release;
		};
		2A0F208E2508C7F400B87255 /* Build configuration list for PBXNativeTarget "SeriesTrackrUITests" */ = {
			isa = XCConfigurationList;
			buildConfigurations = (
				2A0F208F2508C7F400B87255 /* Debug */,
				2A0F20902508C7F400B87255 /* Release */,
			);
			defaultConfigurationIsVisible = 0;
			defaultConfigurationName = Release;
		};
/* End XCConfigurationList section */
	};
	rootObject = 2A0F20562508C7F300B87255 /* Project object */;
}
